PODS:
  - ActiveLabel (1.1.0)
  - Alamofire (4.8.2)
  - Cosmos (19.0.3)
  - JTAppleCalendar (8.0.0)
  - KeychainAccess (3.1.2)
  - RxCocoa (5.0.0):
    - RxRelay (~> 5)
    - RxSwift (~> 5)
  - RxRelay (5.0.0):
    - RxSwift (~> 5)
  - RxSwift (5.0.0)
  - SDWebImage (5.2.3):
    - SDWebImage/Core (= 5.2.3)
  - SDWebImage/Core (5.2.3)
  - SnapKit (5.0.0)
  - SVProgressHUD (2.2.5)
  - SwiftGen (6.1.0)
  - SwiftVideoBackground (3.3.0)
  - SwiftyJSON (5.0.0)
  - VisualEffectView (3.1.1)

DEPENDENCIES:
  - ActiveLabel
  - Alamofire
  - Cosmos (~> 19.0)
  - JTAppleCalendar (~> 8.0)
  - KeychainAccess (~> 3.1.2)
  - RxCocoa (~> 5)
  - RxSwift (~> 5)
  - SDWebImage
  - SnapKit
  - SVProgressHUD
  - SwiftGen (~> 6.0)
  - SwiftVideoBackground
  - SwiftyJSON
  - VisualEffectView (~> 3.1.0)

SPEC REPOS:
  trunk:
    - ActiveLabel
    - Alamofire
    - Cosmos
    - JTAppleCalendar
    - KeychainAccess
    - RxCocoa
    - RxRelay
    - RxSwift
    - SDWebImage
    - SnapKit
    - SVProgressHUD
    - SwiftGen
    - SwiftVideoBackground
    - SwiftyJSON
    - VisualEffectView

SPEC CHECKSUMS:
  ActiveLabel: 5e3f4de79a1952d4604b845a0610d4776e4b82b3
  Alamofire: ae5c501addb7afdbb13687d7f2f722c78734c2d3
  Cosmos: a6fb17284281fa12cf4c85c2efecd440a215ec44
  JTAppleCalendar: 76ccdc5a8b236166293e50b190c5f2722c30cdcd
  KeychainAccess: b3816fddcf28aa29d94b10ec305cd52be14c472b
  RxCocoa: fcf32050ac00d801f34a7f71d5e8e7f23026dcd8
  RxRelay: 4f7409406a51a55cd88483f21ed898c234d60f18
  RxSwift: 8b0671caa829a763bbce7271095859121cbd895f
  SDWebImage: 46a7f73228f84ce80990c786e4372cf4db5875ce
  SnapKit: fd22d10eb9aff484d79a8724eab922c1ddf89bcf
  SVProgressHUD: 1428aafac632c1f86f62aa4243ec12008d7a51d6
  SwiftGen: f872ca75cbd17bf7103c17f13dcfa0d9a15667b0
  SwiftVideoBackground: ebcc843d4cbcfc520e42472dad80925a6433da06
  SwiftyJSON: 36413e04c44ee145039d332b4f4e2d3e8d6c4db7
  VisualEffectView: bde340c8268765c2d71f7f115930733ba7e4a926

PODFILE CHECKSUM: 4b17f64c366c6ee965ff27351b5cc906b5066667

COCOAPODS: 1.9.1
